
Microsoft Visual Studio Solution File, Format Version 12.00
# Visual Studio Version 17
VisualStudioVersion = 17.10.34607.79
MinimumVisualStudioVersion = 10.0.40219.1
Project("{9A19103F-16F7-4668-BE54-9A1E7A4F7556}") = "Bulky", "Bulky.csproj", "{C81BEC05-9B6A-4116-B7D3-8012E67AACCC}"
EndProject
Project("{9A19103F-16F7-4668-BE54-9A1E7A4F7556}") = "BulkyWebRazor", "..\BulkyWebRazor\BulkyWebRazor.csproj", "{2FC051A3-595C-45F0-A651-D279BA1E275F}"
EndProject
Global
	GlobalSection(SolutionConfigurationPlatforms) = preSolution
		Debug|Any CPU = Debug|Any CPU
		Release|Any CPU = Release|Any CPU
	EndGlobalSection
	GlobalSection(ProjectConfigurationPlatforms) = postSolution
		{C81BEC05-9B6A-4116-B7D3-8012E67AACCC}.Debug|Any CPU.ActiveCfg = Debug|Any CPU
		{C81BEC05-9B6A-4116-B7D3-8012E67AACCC}.Debug|Any CPU.Build.0 = Debug|Any CPU
		{C81BEC05-9B6A-4116-B7D3-8012E67AACCC}.Release|Any CPU.ActiveCfg = Release|Any CPU
		{C81BEC05-9B6A-4116-B7D3-8012E67AACCC}.Release|Any CPU.Build.0 = Release|Any CPU
		{2FC051A3-595C-45F0-A651-D279BA1E275F}.Debug|Any CPU.ActiveCfg = Debug|Any CPU
		{2FC051A3-595C-45F0-A651-D279BA1E275F}.Debug|Any CPU.Build.0 = Debug|Any CPU
		{2FC051A3-595C-45F0-A651-D279BA1E275F}.Release|Any CPU.ActiveCfg = Release|Any CPU
		{2FC051A3-595C-45F0-A651-D279BA1E275F}.Release|Any CPU.Build.0 = Release|Any CPU
	EndGlobalSection
	GlobalSection(SolutionProperties) = preSolution
		HideSolutionNode = FALSE
	EndGlobalSection
	GlobalSection(ExtensibilityGlobals) = postSolution
		SolutionGuid = {5C603FDA-401F-408A-B4C4-90583180623D}
	EndGlobalSection
EndGlobal
